
Microsoft Visual Studio Solution File, Format Version 12.00
# Visual Studio Version 17
VisualStudioVersion = 17.8.34309.116
MinimumVisualStudioVersion = 10.0.40219.1
Project("{8BC9CEB8-8B4A-11D0-8D11-00A0C91BC942}") = "Program22", "Program22.vcxproj", "{63B03CB5-2BAA-413E-94EC-1F66CB04B481}"
EndProject
Project("{8BC9CEB8-8B4A-11D0-8D11-00A0C91BC942}") = "Class1th (Variable)", "..\Class1th (Variable)\Class1th (Variable).vcxproj", "{CF53B6D8-1DA6-46EE-9599-868A2C704A45}"
EndProject
Project("{8BC9CEB8-8B4A-11D0-8D11-00A0C91BC942}") = "Class2th (Constant)", "..\Class2th (Constant)\Class2th (Constant).vcxproj", "{2444FFF5-5365-4BE3-9F57-94426EC0BB04}"
EndProject
Project("{8BC9CEB8-8B4A-11D0-8D11-00A0C91BC942}") = "Class3th (Bit)", "..\Class3th (Bit)\Class3th (Bit).vcxproj", "{8EF35D77-EA40-40A9-AC05-8BCA219374B0}"
EndProject
Project("{8BC9CEB8-8B4A-11D0-8D11-00A0C91BC942}") = "Class dach end under flow", "..\Class dach end under flow\Class dach end under flow.vcxproj", "{51FFD587-796E-4E42-BCA1-F269249A2273}"
EndProject
Project("{8BC9CEB8-8B4A-11D0-8D11-00A0C91BC942}") = "Class5th (Conditional Statement)", "..\Class5th (Conditional Statement)\Class5th (Conditional Statement).vcxproj", "{650A4985-AE7A-476B-9CFD-4944767CE137}"
EndProject
Project("{8BC9CEB8-8B4A-11D0-8D11-00A0C91BC942}") = "prunt", "..\prunt\prunt.vcxproj", "{C9C5AF12-CD1B-46C4-B4BF-2386901B3925}"
EndProject
Project("{8BC9CEB8-8B4A-11D0-8D11-00A0C91BC942}") = "class7th file", "..\class7th file\class7th file.vcxproj", "{11BDB913-A57D-4D93-A31F-D0A253491550}"
EndProject
Project("{8BC9CEB8-8B4A-11D0-8D11-00A0C91BC942}") = "class8th pointer", "..\class8th pointer\class8th pointer.vcxproj", "{B3821423-018D-444C-B233-9EDE9CE84101}"
EndProject
Global
	GlobalSection(SolutionConfigurationPlatforms) = preSolution
		Debug|x64 = Debug|x64
		Debug|x86 = Debug|x86
		Release|x64 = Release|x64
		Release|x86 = Release|x86
	EndGlobalSection
	GlobalSection(ProjectConfigurationPlatforms) = postSolution
		{63B03CB5-2BAA-413E-94EC-1F66CB04B481}.Debug|x64.ActiveCfg = Debug|x64
		{63B03CB5-2BAA-413E-94EC-1F66CB04B481}.Debug|x64.Build.0 = Debug|x64
		{63B03CB5-2BAA-413E-94EC-1F66CB04B481}.Debug|x86.ActiveCfg = Debug|Win32
		{63B03CB5-2BAA-413E-94EC-1F66CB04B481}.Debug|x86.Build.0 = Debug|Win32
		{63B03CB5-2BAA-413E-94EC-1F66CB04B481}.Release|x64.ActiveCfg = Release|x64
		{63B03CB5-2BAA-413E-94EC-1F66CB04B481}.Release|x64.Build.0 = Release|x64
		{63B03CB5-2BAA-413E-94EC-1F66CB04B481}.Release|x86.ActiveCfg = Release|Win32
		{63B03CB5-2BAA-413E-94EC-1F66CB04B481}.Release|x86.Build.0 = Release|Win32
		{CF53B6D8-1DA6-46EE-9599-868A2C704A45}.Debug|x64.ActiveCfg = Debug|x64
		{CF53B6D8-1DA6-46EE-9599-868A2C704A45}.Debug|x64.Build.0 = Debug|x64
		{CF53B6D8-1DA6-46EE-9599-868A2C704A45}.Debug|x86.ActiveCfg = Debug|Win32
		{CF53B6D8-1DA6-46EE-9599-868A2C704A45}.Debug|x86.Build.0 = Debug|Win32
		{CF53B6D8-1DA6-46EE-9599-868A2C704A45}.Release|x64.ActiveCfg = Release|x64
		{CF53B6D8-1DA6-46EE-9599-868A2C704A45}.Release|x64.Build.0 = Release|x64
		{CF53B6D8-1DA6-46EE-9599-868A2C704A45}.Release|x86.ActiveCfg = Release|Win32
		{CF53B6D8-1DA6-46EE-9599-868A2C704A45}.Release|x86.Build.0 = Release|Win32
		{2444FFF5-5365-4BE3-9F57-94426EC0BB04}.Debug|x64.ActiveCfg = Debug|x64
		{2444FFF5-5365-4BE3-9F57-94426EC0BB04}.Debug|x64.Build.0 = Debug|x64
		{2444FFF5-5365-4BE3-9F57-94426EC0BB04}.Debug|x86.ActiveCfg = Debug|Win32
		{2444FFF5-5365-4BE3-9F57-94426EC0BB04}.Debug|x86.Build.0 = Debug|Win32
		{2444FFF5-5365-4BE3-9F57-94426EC0BB04}.Release|x64.ActiveCfg = Release|x64
		{2444FFF5-5365-4BE3-9F57-94426EC0BB04}.Release|x64.Build.0 = Release|x64
		{2444FFF5-5365-4BE3-9F57-94426EC0BB04}.Release|x86.ActiveCfg = Release|Win32
		{2444FFF5-5365-4BE3-9F57-94426EC0BB04}.Release|x86.Build.0 = Release|Win32
		{8EF35D77-EA40-40A9-AC05-8BCA219374B0}.Debug|x64.ActiveCfg = Debug|x64
		{8EF35D77-EA40-40A9-AC05-8BCA219374B0}.Debug|x64.Build.0 = Debug|x64
		{8EF35D77-EA40-40A9-AC05-8BCA219374B0}.Debug|x86.ActiveCfg = Debug|Win32
		{8EF35D77-EA40-40A9-AC05-8BCA219374B0}.Debug|x86.Build.0 = Debug|Win32
		{8EF35D77-EA40-40A9-AC05-8BCA219374B0}.Release|x64.ActiveCfg = Release|x64
		{8EF35D77-EA40-40A9-AC05-8BCA219374B0}.Release|x64.Build.0 = Release|x64
		{8EF35D77-EA40-40A9-AC05-8BCA219374B0}.Release|x86.ActiveCfg = Release|Win32
		{8EF35D77-EA40-40A9-AC05-8BCA219374B0}.Release|x86.Build.0 = Release|Win32
		{51FFD587-796E-4E42-BCA1-F269249A2273}.Debug|x64.ActiveCfg = Debug|x64
		{51FFD587-796E-4E42-BCA1-F269249A2273}.Debug|x64.Build.0 = Debug|x64
		{51FFD587-796E-4E42-BCA1-F269249A2273}.Debug|x86.ActiveCfg = Debug|Win32
		{51FFD587-796E-4E42-BCA1-F269249A2273}.Debug|x86.Build.0 = Debug|Win32
		{51FFD587-796E-4E42-BCA1-F269249A2273}.Release|x64.ActiveCfg = Release|x64
		{51FFD587-796E-4E42-BCA1-F269249A2273}.Release|x64.Build.0 = Release|x64
		{51FFD587-796E-4E42-BCA1-F269249A2273}.Release|x86.ActiveCfg = Release|Win32
		{51FFD587-796E-4E42-BCA1-F269249A2273}.Release|x86.Build.0 = Release|Win32
		{650A4985-AE7A-476B-9CFD-4944767CE137}.Debug|x64.ActiveCfg = Debug|x64
		{650A4985-AE7A-476B-9CFD-4944767CE137}.Debug|x64.Build.0 = Debug|x64
		{650A4985-AE7A-476B-9CFD-4944767CE137}.Debug|x86.ActiveCfg = Debug|Win32
		{650A4985-AE7A-476B-9CFD-4944767CE137}.Debug|x86.Build.0 = Debug|Win32
		{650A4985-AE7A-476B-9CFD-4944767CE137}.Release|x64.ActiveCfg = Release|x64
		{650A4985-AE7A-476B-9CFD-4944767CE137}.Release|x64.Build.0 = Release|x64
		{650A4985-AE7A-476B-9CFD-4944767CE137}.Release|x86.ActiveCfg = Release|Win32
		{650A4985-AE7A-476B-9CFD-4944767CE137}.Release|x86.Build.0 = Release|Win32
		{C9C5AF12-CD1B-46C4-B4BF-2386901B3925}.Debug|x64.ActiveCfg = Debug|x64
		{C9C5AF12-CD1B-46C4-B4BF-2386901B3925}.Debug|x64.Build.0 = Debug|x64
		{C9C5AF12-CD1B-46C4-B4BF-2386901B3925}.Debug|x86.ActiveCfg = Debug|Win32
		{C9C5AF12-CD1B-46C4-B4BF-2386901B3925}.Debug|x86.Build.0 = Debug|Win32
		{C9C5AF12-CD1B-46C4-B4BF-2386901B3925}.Release|x64.ActiveCfg = Release|x64
		{C9C5AF12-CD1B-46C4-B4BF-2386901B3925}.Release|x64.Build.0 = Release|x64
		{C9C5AF12-CD1B-46C4-B4BF-2386901B3925}.Release|x86.ActiveCfg = Release|Win32
		{C9C5AF12-CD1B-46C4-B4BF-2386901B3925}.Release|x86.Build.0 = Release|Win32
		{11BDB913-A57D-4D93-A31F-D0A253491550}.Debug|x64.ActiveCfg = Debug|x64
		{11BDB913-A57D-4D93-A31F-D0A253491550}.Debug|x64.Build.0 = Debug|x64
		{11BDB913-A57D-4D93-A31F-D0A253491550}.Debug|x86.ActiveCfg = Debug|Win32
		{11BDB913-A57D-4D93-A31F-D0A253491550}.Debug|x86.Build.0 = Debug|Win32
		{11BDB913-A57D-4D93-A31F-D0A253491550}.Release|x64.ActiveCfg = Release|x64
		{11BDB913-A57D-4D93-A31F-D0A253491550}.Release|x64.Build.0 = Release|x64
		{11BDB913-A57D-4D93-A31F-D0A253491550}.Release|x86.ActiveCfg = Release|Win32
		{11BDB913-A57D-4D93-A31F-D0A253491550}.Release|x86.Build.0 = Release|Win32
		{B3821423-018D-444C-B233-9EDE9CE84101}.Debug|x64.ActiveCfg = Debug|x64
		{B3821423-018D-444C-B233-9EDE9CE84101}.Debug|x64.Build.0 = Debug|x64
		{B3821423-018D-444C-B233-9EDE9CE84101}.Debug|x86.ActiveCfg = Debug|Win32
		{B3821423-018D-444C-B233-9EDE9CE84101}.Debug|x86.Build.0 = Debug|Win32
		{B3821423-018D-444C-B233-9EDE9CE84101}.Release|x64.ActiveCfg = Release|x64
		{B3821423-018D-444C-B233-9EDE9CE84101}.Release|x64.Build.0 = Release|x64
		{B3821423-018D-444C-B233-9EDE9CE84101}.Release|x86.ActiveCfg = Release|Win32
		{B3821423-018D-444C-B233-9EDE9CE84101}.Release|x86.Build.0 = Release|Win32
	EndGlobalSection
	GlobalSection(SolutionProperties) = preSolution
		HideSolutionNode = FALSE
	EndGlobalSection
	GlobalSection(ExtensibilityGlobals) = postSolution
		SolutionGuid = {DE55F4BE-1D01-49DA-9002-EAAEB9F64744}
	EndGlobalSection
EndGlobal
